
Microsoft Visual Studio Solution File, Format Version 12.00
# Visual Studio Version 17
VisualStudioVersion = 17.0.31912.275
MinimumVisualStudioVersion = 10.0.40219.1
Project("{FAE04EC0-301F-11D3-BF4B-00C04F79EFBC}") = "BlackJack", "BlackJack\BlackJack.csproj", "{DB393EF8-ECB1-4107-A10C-527A950F408A}"
EndProject
Global
	GlobalSection(SolutionConfigurationPlatforms) = preSolution
		Debug|Any CPU = Debug|Any CPU
		Release|Any CPU = Release|Any CPU
	EndGlobalSection
	GlobalSection(ProjectConfigurationPlatforms) = postSolution
		{DB393EF8-ECB1-4107-A10C-527A950F408A}.Debug|Any CPU.ActiveCfg = Debug|Any CPU
		{DB393EF8-ECB1-4107-A10C-527A950F408A}.Debug|Any CPU.Build.0 = Debug|Any CPU
		{DB393EF8-ECB1-4107-A10C-527A950F408A}.Release|Any CPU.ActiveCfg = Release|Any CPU
		{DB393EF8-ECB1-4107-A10C-527A950F408A}.Release|Any CPU.Build.0 = Release|Any CPU
	EndGlobalSection
	GlobalSection(SolutionProperties) = preSolution
		HideSolutionNode = FALSE
	EndGlobalSection
	GlobalSection(ExtensibilityGlobals) = postSolution
		SolutionGuid = {DC4AEA39-56B1-4FD0-BE25-10F64A8E61D7}
	EndGlobalSection
EndGlobal
